
Microsoft Visual Studio Solution File, Format Version 12.00
# Visual Studio Version 17
VisualStudioVersion = 17.1.32414.318
MinimumVisualStudioVersion = 10.0.40219.1
Project("{9A19103F-16F7-4668-BE54-9A1E7A4F7556}") = "M01A03", "M01A03\M01A03.csproj", "{5AC4001D-7348-4A0E-BA79-4B1016D21C45}"
EndProject
Project("{9A19103F-16F7-4668-BE54-9A1E7A4F7556}") = "M01A04", "M01A04\M01A04.csproj", "{A7400FE3-F285-4274-B4EF-8AE0DFB3ECA3}"
EndProject
Project("{FAE04EC0-301F-11D3-BF4B-00C04F79EFBC}") = "M01A05", "M01A05\M01A05.csproj", "{4BA131FC-E9FF-417C-8703-6750624B5FE9}"
EndProject
Global
	GlobalSection(SolutionConfigurationPlatforms) = preSolution
		Debug|Any CPU = Debug|Any CPU
		Release|Any CPU = Release|Any CPU
	EndGlobalSection
	GlobalSection(ProjectConfigurationPlatforms) = postSolution
		{5AC4001D-7348-4A0E-BA79-4B1016D21C45}.Debug|Any CPU.ActiveCfg = Debug|Any CPU
		{5AC4001D-7348-4A0E-BA79-4B1016D21C45}.Debug|Any CPU.Build.0 = Debug|Any CPU
		{5AC4001D-7348-4A0E-BA79-4B1016D21C45}.Release|Any CPU.ActiveCfg = Release|Any CPU
		{5AC4001D-7348-4A0E-BA79-4B1016D21C45}.Release|Any CPU.Build.0 = Release|Any CPU
		{A7400FE3-F285-4274-B4EF-8AE0DFB3ECA3}.Debug|Any CPU.ActiveCfg = Debug|Any CPU
		{A7400FE3-F285-4274-B4EF-8AE0DFB3ECA3}.Debug|Any CPU.Build.0 = Debug|Any CPU
		{A7400FE3-F285-4274-B4EF-8AE0DFB3ECA3}.Release|Any CPU.ActiveCfg = Release|Any CPU
		{A7400FE3-F285-4274-B4EF-8AE0DFB3ECA3}.Release|Any CPU.Build.0 = Release|Any CPU
		{4BA131FC-E9FF-417C-8703-6750624B5FE9}.Debug|Any CPU.ActiveCfg = Debug|Any CPU
		{4BA131FC-E9FF-417C-8703-6750624B5FE9}.Debug|Any CPU.Build.0 = Debug|Any CPU
		{4BA131FC-E9FF-417C-8703-6750624B5FE9}.Release|Any CPU.ActiveCfg = Release|Any CPU
		{4BA131FC-E9FF-417C-8703-6750624B5FE9}.Release|Any CPU.Build.0 = Release|Any CPU
	EndGlobalSection
	GlobalSection(SolutionProperties) = preSolution
		HideSolutionNode = FALSE
	EndGlobalSection
	GlobalSection(ExtensibilityGlobals) = postSolution
		SolutionGuid = {09B8B0D3-AB17-4716-9535-8221F88EE3ED}
	EndGlobalSection
EndGlobal
